// !$*UTF8*$!
{
	archiveVersion = 1;
	classes = {
	};
	objectVersion = 51;
	objects = {

/* Begin PBXBuildFile section */
		7407603F238C410900F1D529 /* AppDelegate.swift in Sources */ = {isa = PBXBuildFile; fileRef = 7407603E238C410900F1D529 /* AppDelegate.swift */; };
		74076041238C410900F1D529 /* SceneDelegate.swift in Sources */ = {isa = PBXBuildFile; fileRef = 74076040238C410900F1D529 /* SceneDelegate.swift */; };
		74076043238C410900F1D529 /* ViewController.swift in Sources */ = {isa = PBXBuildFile; fileRef = 74076042238C410900F1D529 /* ViewController.swift */; };
		74076048238C410E00F1D529 /* Assets.xcassets in Resources */ = {isa = PBXBuildFile; fileRef = 74076047238C410E00F1D529 /* Assets.xcassets */; };
		7407604B238C410E00F1D529 /* LaunchScreen.storyboard in Resources */ = {isa = PBXBuildFile; fileRef = 74076049238C410E00F1D529 /* LaunchScreen.storyboard */; };
		74076056238C410F00F1D529 /* FirebaseProjTests.swift in Sources */ = {isa = PBXBuildFile; fileRef = 74076055238C410F00F1D529 /* FirebaseProjTests.swift */; };
		74076061238C472A00F1D529 /* GoogleService-Info.plist in Resources */ = {isa = PBXBuildFile; fileRef = 74076060238C472A00F1D529 /* GoogleService-Info.plist */; };
		74076063238C862F00F1D529 /* ProfileViewController.swift in Sources */ = {isa = PBXBuildFile; fileRef = 74076062238C862F00F1D529 /* ProfileViewController.swift */; };
		74076066238C865000F1D529 /* FeedViewController.swift in Sources */ = {isa = PBXBuildFile; fileRef = 74076065238C865000F1D529 /* FeedViewController.swift */; };
		74076068238C866800F1D529 /* ImageUploadViewController.swift in Sources */ = {isa = PBXBuildFile; fileRef = 74076067238C866800F1D529 /* ImageUploadViewController.swift */; };
		7407606A238C867700F1D529 /* ImageDetailViewController.swift in Sources */ = {isa = PBXBuildFile; fileRef = 74076069238C867700F1D529 /* ImageDetailViewController.swift */; };
		740FAB1B238F0BE700D5C671 /* Validate.swift in Sources */ = {isa = PBXBuildFile; fileRef = 740FAB1A238F0BE700D5C671 /* Validate.swift */; };
		740FAB1D238F0C9F00D5C671 /* FirebaseAuthService.swift in Sources */ = {isa = PBXBuildFile; fileRef = 740FAB1C238F0C9F00D5C671 /* FirebaseAuthService.swift */; };
		740FAB1F238F1F8100D5C671 /* FireStoreService.swift in Sources */ = {isa = PBXBuildFile; fileRef = 740FAB1E238F1F8100D5C671 /* FireStoreService.swift */; };
		74CDE89E238EFA0800D4C2F9 /* Users.swift in Sources */ = {isa = PBXBuildFile; fileRef = 74CDE89D238EFA0800D4C2F9 /* Users.swift */; };
		74CDE8A1238F087000D4C2F9 /* SignUpViewController.swift in Sources */ = {isa = PBXBuildFile; fileRef = 74CDE8A0238F087000D4C2F9 /* SignUpViewController.swift */; };
		B2F3669C3346ECDF66A58654 /* Pods_FirebaseProjTests.framework in Frameworks */ = {isa = PBXBuildFile; fileRef = FD56B0E97647259F94B701FB /* Pods_FirebaseProjTests.framework */; };
		E95C7B31274026E2A40D5F34 /* Pods_FirebaseProj.framework in Frameworks */ = {isa = PBXBuildFile; fileRef = 0E2BA792E5DC46E0FF84F089 /* Pods_FirebaseProj.framework */; };
/* End PBXBuildFile section */

/* Begin PBXContainerItemProxy section */
		74076052238C410F00F1D529 /* PBXContainerItemProxy */ = {
			isa = PBXContainerItemProxy;
			containerPortal = 74076033238C410900F1D529 /* Project object */;
			proxyType = 1;
			remoteGlobalIDString = 7407603A238C410900F1D529;
			remoteInfo = FirebaseProj;
		};
/* End PBXContainerItemProxy section */

/* Begin PBXFileReference section */
		0E2BA792E5DC46E0FF84F089 /* Pods_FirebaseProj.framework */ = {isa = PBXFileReference; explicitFileType = wrapper.framework; includeInIndex = 0; path = Pods_FirebaseProj.framework; sourceTree = BUILT_PRODUCTS_DIR; };
		514D599AB0E9BDCFC0EC4FEC /* Pods-FirebaseProjTests.debug.xcconfig */ = {isa = PBXFileReference; includeInIndex = 1; lastKnownFileType = text.xcconfig; name = "Pods-FirebaseProjTests.debug.xcconfig"; path = "Target Support Files/Pods-FirebaseProjTests/Pods-FirebaseProjTests.debug.xcconfig"; sourceTree = "<group>"; };
		7407603B238C410900F1D529 /* FirebaseProj.app */ = {isa = PBXFileReference; explicitFileType = wrapper.application; includeInIndex = 0; path = FirebaseProj.app; sourceTree = BUILT_PRODUCTS_DIR; };
		7407603E238C410900F1D529 /* AppDelegate.swift */ = {isa = PBXFileReference; lastKnownFileType = sourcecode.swift; path = AppDelegate.swift; sourceTree = "<group>"; };
		74076040238C410900F1D529 /* SceneDelegate.swift */ = {isa = PBXFileReference; lastKnownFileType = sourcecode.swift; path = SceneDelegate.swift; sourceTree = "<group>"; };
		74076042238C410900F1D529 /* ViewController.swift */ = {isa = PBXFileReference; lastKnownFileType = sourcecode.swift; path = ViewController.swift; sourceTree = "<group>"; };
		74076047238C410E00F1D529 /* Assets.xcassets */ = {isa = PBXFileReference; lastKnownFileType = folder.assetcatalog; path = Assets.xcassets; sourceTree = "<group>"; };
		7407604A238C410E00F1D529 /* Base */ = {isa = PBXFileReference; lastKnownFileType = file.storyboard; name = Base; path = Base.lproj/LaunchScreen.storyboard; sourceTree = "<group>"; };
		7407604C238C410E00F1D529 /* Info.plist */ = {isa = PBXFileReference; lastKnownFileType = text.plist.xml; path = Info.plist; sourceTree = "<group>"; };
		74076051238C410F00F1D529 /* FirebaseProjTests.xctest */ = {isa = PBXFileReference; explicitFileType = wrapper.cfbundle; includeInIndex = 0; path = FirebaseProjTests.xctest; sourceTree = BUILT_PRODUCTS_DIR; };
		74076055238C410F00F1D529 /* FirebaseProjTests.swift */ = {isa = PBXFileReference; lastKnownFileType = sourcecode.swift; path = FirebaseProjTests.swift; sourceTree = "<group>"; };
		74076057238C410F00F1D529 /* Info.plist */ = {isa = PBXFileReference; lastKnownFileType = text.plist.xml; path = Info.plist; sourceTree = "<group>"; };
		74076060238C472A00F1D529 /* GoogleService-Info.plist */ = {isa = PBXFileReference; fileEncoding = 4; lastKnownFileType = text.plist.xml; path = "GoogleService-Info.plist"; sourceTree = "<group>"; };
		74076062238C862F00F1D529 /* ProfileViewController.swift */ = {isa = PBXFileReference; lastKnownFileType = sourcecode.swift; path = ProfileViewController.swift; sourceTree = "<group>"; };
		74076065238C865000F1D529 /* FeedViewController.swift */ = {isa = PBXFileReference; lastKnownFileType = sourcecode.swift; path = FeedViewController.swift; sourceTree = "<group>"; };
		74076067238C866800F1D529 /* ImageUploadViewController.swift */ = {isa = PBXFileReference; lastKnownFileType = sourcecode.swift; path = ImageUploadViewController.swift; sourceTree = "<group>"; };
		74076069238C867700F1D529 /* ImageDetailViewController.swift */ = {isa = PBXFileReference; lastKnownFileType = sourcecode.swift; path = ImageDetailViewController.swift; sourceTree = "<group>"; };
		740FAB1A238F0BE700D5C671 /* Validate.swift */ = {isa = PBXFileReference; lastKnownFileType = sourcecode.swift; path = Validate.swift; sourceTree = "<group>"; };
		740FAB1C238F0C9F00D5C671 /* FirebaseAuthService.swift */ = {isa = PBXFileReference; lastKnownFileType = sourcecode.swift; path = FirebaseAuthService.swift; sourceTree = "<group>"; };
		740FAB1E238F1F8100D5C671 /* FireStoreService.swift */ = {isa = PBXFileReference; lastKnownFileType = sourcecode.swift; path = FireStoreService.swift; sourceTree = "<group>"; };
		74CDE89D238EFA0800D4C2F9 /* Users.swift */ = {isa = PBXFileReference; lastKnownFileType = sourcecode.swift; path = Users.swift; sourceTree = "<group>"; };
		74CDE8A0238F087000D4C2F9 /* SignUpViewController.swift */ = {isa = PBXFileReference; lastKnownFileType = sourcecode.swift; path = SignUpViewController.swift; sourceTree = "<group>"; };
		CD7587794E13B760482DF22C /* Pods-FirebaseProj.debug.xcconfig */ = {isa = PBXFileReference; includeInIndex = 1; lastKnownFileType = text.xcconfig; name = "Pods-FirebaseProj.debug.xcconfig"; path = "Target Support Files/Pods-FirebaseProj/Pods-FirebaseProj.debug.xcconfig"; sourceTree = "<group>"; };
		F2FEA4AB6CBD952654F57DBC /* Pods-FirebaseProj.release.xcconfig */ = {isa = PBXFileReference; includeInIndex = 1; lastKnownFileType = text.xcconfig; name = "Pods-FirebaseProj.release.xcconfig"; path = "Target Support Files/Pods-FirebaseProj/Pods-FirebaseProj.release.xcconfig"; sourceTree = "<group>"; };
		F96E1DC55CE7218B1E9E9769 /* Pods-FirebaseProjTests.release.xcconfig */ = {isa = PBXFileReference; includeInIndex = 1; lastKnownFileType = text.xcconfig; name = "Pods-FirebaseProjTests.release.xcconfig"; path = "Target Support Files/Pods-FirebaseProjTests/Pods-FirebaseProjTests.release.xcconfig"; sourceTree = "<group>"; };
		FD56B0E97647259F94B701FB /* Pods_FirebaseProjTests.framework */ = {isa = PBXFileReference; explicitFileType = wrapper.framework; includeInIndex = 0; path = Pods_FirebaseProjTests.framework; sourceTree = BUILT_PRODUCTS_DIR; };
/* End PBXFileReference section */

/* Begin PBXFrameworksBuildPhase section */
		74076038238C410900F1D529 /* Frameworks */ = {
			isa = PBXFrameworksBuildPhase;
			buildActionMask = 2147483647;
			files = (
				E95C7B31274026E2A40D5F34 /* Pods_FirebaseProj.framework in Frameworks */,
			);
			runOnlyForDeploymentPostprocessing = 0;
		};
		7407604E238C410F00F1D529 /* Frameworks */ = {
			isa = PBXFrameworksBuildPhase;
			buildActionMask = 2147483647;
			files = (
				B2F3669C3346ECDF66A58654 /* Pods_FirebaseProjTests.framework in Frameworks */,
			);
			runOnlyForDeploymentPostprocessing = 0;
		};
/* End PBXFrameworksBuildPhase section */

/* Begin PBXGroup section */
		0F2E6F08B704282C5B46A667 /* Frameworks */ = {
			isa = PBXGroup;
			children = (
				0E2BA792E5DC46E0FF84F089 /* Pods_FirebaseProj.framework */,
				FD56B0E97647259F94B701FB /* Pods_FirebaseProjTests.framework */,
			);
			name = Frameworks;
			sourceTree = "<group>";
		};
		74076032238C410900F1D529 = {
			isa = PBXGroup;
			children = (
				74CDE89F238EFA1600D4C2F9 /* Models */,
				7407603D238C410900F1D529 /* FirebaseProj */,
				74076054238C410F00F1D529 /* FirebaseProjTests */,
				7407603C238C410900F1D529 /* Products */,
				A72C188BCF8E9E79126F98A7 /* Pods */,
				0F2E6F08B704282C5B46A667 /* Frameworks */,
			);
			sourceTree = "<group>";
		};
		7407603C238C410900F1D529 /* Products */ = {
			isa = PBXGroup;
			children = (
				7407603B238C410900F1D529 /* FirebaseProj.app */,
				74076051238C410F00F1D529 /* FirebaseProjTests.xctest */,
			);
			name = Products;
			sourceTree = "<group>";
		};
		7407603D238C410900F1D529 /* FirebaseProj */ = {
			isa = PBXGroup;
			children = (
				7407603E238C410900F1D529 /* AppDelegate.swift */,
				74076040238C410900F1D529 /* SceneDelegate.swift */,
				74076064238C863500F1D529 /* ViewControllers */,
				74076047238C410E00F1D529 /* Assets.xcassets */,
				740FAB1A238F0BE700D5C671 /* Validate.swift */,
				740FAB1C238F0C9F00D5C671 /* FirebaseAuthService.swift */,
				740FAB1E238F1F8100D5C671 /* FireStoreService.swift */,
				74076049238C410E00F1D529 /* LaunchScreen.storyboard */,
				74076060238C472A00F1D529 /* GoogleService-Info.plist */,
				7407604C238C410E00F1D529 /* Info.plist */,
			);
			path = FirebaseProj;
			sourceTree = "<group>";
		};
		74076054238C410F00F1D529 /* FirebaseProjTests */ = {
			isa = PBXGroup;
			children = (
				74076055238C410F00F1D529 /* FirebaseProjTests.swift */,
				74076057238C410F00F1D529 /* Info.plist */,
			);
			path = FirebaseProjTests;
			sourceTree = "<group>";
		};
		74076064238C863500F1D529 /* ViewControllers */ = {
			isa = PBXGroup;
			children = (
				74076062238C862F00F1D529 /* ProfileViewController.swift */,
				74CDE8A0238F087000D4C2F9 /* SignUpViewController.swift */,
				74076065238C865000F1D529 /* FeedViewController.swift */,
				74076067238C866800F1D529 /* ImageUploadViewController.swift */,
				74076069238C867700F1D529 /* ImageDetailViewController.swift */,
				74076042238C410900F1D529 /* ViewController.swift */,
			);
			path = ViewControllers;
			sourceTree = "<group>";
		};
		74CDE89F238EFA1600D4C2F9 /* Models */ = {
			isa = PBXGroup;
			children = (
				74CDE89D238EFA0800D4C2F9 /* Users.swift */,
			);
			path = Models;
			sourceTree = "<group>";
		};
		A72C188BCF8E9E79126F98A7 /* Pods */ = {
			isa = PBXGroup;
			children = (
				CD7587794E13B760482DF22C /* Pods-FirebaseProj.debug.xcconfig */,
				F2FEA4AB6CBD952654F57DBC /* Pods-FirebaseProj.release.xcconfig */,
				514D599AB0E9BDCFC0EC4FEC /* Pods-FirebaseProjTests.debug.xcconfig */,
				F96E1DC55CE7218B1E9E9769 /* Pods-FirebaseProjTests.release.xcconfig */,
			);
			path = Pods;
			sourceTree = "<group>";
		};
/* End PBXGroup section */

/* Begin PBXNativeTarget section */
		7407603A238C410900F1D529 /* FirebaseProj */ = {
			isa = PBXNativeTarget;
			buildConfigurationList = 7407605A238C410F00F1D529 /* Build configuration list for PBXNativeTarget "FirebaseProj" */;
			buildPhases = (
				273C6BB503AA5A0960AB4F66 /* [CP] Check Pods Manifest.lock */,
				74076037238C410900F1D529 /* Sources */,
				74076038238C410900F1D529 /* Frameworks */,
				74076039238C410900F1D529 /* Resources */,
				11B892F1FF62935DD0F7527E /* [CP] Embed Pods Frameworks */,
			);
			buildRules = (
			);
			dependencies = (
			);
			name = FirebaseProj;
			productName = FirebaseProj;
			productReference = 7407603B238C410900F1D529 /* FirebaseProj.app */;
			productType = "com.apple.product-type.application";
		};
		74076050238C410F00F1D529 /* FirebaseProjTests */ = {
			isa = PBXNativeTarget;
			buildConfigurationList = 7407605D238C410F00F1D529 /* Build configuration list for PBXNativeTarget "FirebaseProjTests" */;
			buildPhases = (
				6C37515AFA5296422B99071A /* [CP] Check Pods Manifest.lock */,
				7407604D238C410F00F1D529 /* Sources */,
				7407604E238C410F00F1D529 /* Frameworks */,
				7407604F238C410F00F1D529 /* Resources */,
			);
			buildRules = (
			);
			dependencies = (
				74076053238C410F00F1D529 /* PBXTargetDependency */,
			);
			name = FirebaseProjTests;
			productName = FirebaseProjTests;
			productReference = 74076051238C410F00F1D529 /* FirebaseProjTests.xctest */;
			productType = "com.apple.product-type.bundle.unit-test";
		};
/* End PBXNativeTarget section */

/* Begin PBXProject section */
		74076033238C410900F1D529 /* Project object */ = {
			isa = PBXProject;
			attributes = {
				LastSwiftUpdateCheck = 1120;
				LastUpgradeCheck = 1120;
				ORGANIZATIONNAME = "Kimball Yang";
				TargetAttributes = {
					7407603A238C410900F1D529 = {
						CreatedOnToolsVersion = 11.2;
					};
					74076050238C410F00F1D529 = {
						CreatedOnToolsVersion = 11.2;
						TestTargetID = 7407603A238C410900F1D529;
					};
				};
			};
			buildConfigurationList = 74076036238C410900F1D529 /* Build configuration list for PBXProject "FirebaseProj" */;
			compatibilityVersion = "Xcode 9.3";
			developmentRegion = en;
			hasScannedForEncodings = 0;
			knownRegions = (
				en,
				Base,
			);
			mainGroup = 74076032238C410900F1D529;
			productRefGroup = 7407603C238C410900F1D529 /* Products */;
			projectDirPath = "";
			projectRoot = "";
			targets = (
				7407603A238C410900F1D529 /* FirebaseProj */,
				74076050238C410F00F1D529 /* FirebaseProjTests */,
			);
		};
/* End PBXProject section */

/* Begin PBXResourcesBuildPhase section */
		74076039238C410900F1D529 /* Resources */ = {
			isa = PBXResourcesBuildPhase;
			buildActionMask = 2147483647;
			files = (
				7407604B238C410E00F1D529 /* LaunchScreen.storyboard in Resources */,
				74076048238C410E00F1D529 /* Assets.xcassets in Resources */,
				74076061238C472A00F1D529 /* GoogleService-Info.plist in Resources */,
			);
			runOnlyForDeploymentPostprocessing = 0;
		};
		7407604F238C410F00F1D529 /* Resources */ = {
			isa = PBXResourcesBuildPhase;
			buildActionMask = 2147483647;
			files = (
			);
			runOnlyForDeploymentPostprocessing = 0;
		};
/* End PBXResourcesBuildPhase section */

/* Begin PBXShellScriptBuildPhase section */
		11B892F1FF62935DD0F7527E /* [CP] Embed Pods Frameworks */ = {
			isa = PBXShellScriptBuildPhase;
			buildActionMask = 2147483647;
			files = (
			);
			inputFileListPaths = (
				"${PODS_ROOT}/Target Support Files/Pods-FirebaseProj/Pods-FirebaseProj-frameworks-${CONFIGURATION}-input-files.xcfilelist",
			);
			name = "[CP] Embed Pods Frameworks";
			outputFileListPaths = (
				"${PODS_ROOT}/Target Support Files/Pods-FirebaseProj/Pods-FirebaseProj-frameworks-${CONFIGURATION}-output-files.xcfilelist",
			);
			runOnlyForDeploymentPostprocessing = 0;
			shellPath = /bin/sh;
			shellScript = "\"${PODS_ROOT}/Target Support Files/Pods-FirebaseProj/Pods-FirebaseProj-frameworks.sh\"\n";
			showEnvVarsInLog = 0;
		};
		273C6BB503AA5A0960AB4F66 /* [CP] Check Pods Manifest.lock */ = {
			isa = PBXShellScriptBuildPhase;
			buildActionMask = 2147483647;
			files = (
			);
			inputFileListPaths = (
			);
			inputPaths = (
				"${PODS_PODFILE_DIR_PATH}/Podfile.lock",
				"${PODS_ROOT}/Manifest.lock",
			);
			name = "[CP] Check Pods Manifest.lock";
			outputFileListPaths = (
			);
			outputPaths = (
				"$(DERIVED_FILE_DIR)/Pods-FirebaseProj-checkManifestLockResult.txt",
			);
			runOnlyForDeploymentPostprocessing = 0;
			shellPath = /bin/sh;
			shellScript = "diff \"${PODS_PODFILE_DIR_PATH}/Podfile.lock\" \"${PODS_ROOT}/Manifest.lock\" > /dev/null\nif [ $? != 0 ] ; then\n    # print error to STDERR\n    echo \"error: The sandbox is not in sync with the Podfile.lock. Run 'pod install' or update your CocoaPods installation.\" >&2\n    exit 1\nfi\n# This output is used by Xcode 'outputs' to avoid re-running this script phase.\necho \"SUCCESS\" > \"${SCRIPT_OUTPUT_FILE_0}\"\n";
			showEnvVarsInLog = 0;
		};
		6C37515AFA5296422B99071A /* [CP] Check Pods Manifest.lock */ = {
			isa = PBXShellScriptBuildPhase;
			buildActionMask = 2147483647;
			files = (
			);
			inputFileListPaths = (
			);
			inputPaths = (
				"${PODS_PODFILE_DIR_PATH}/Podfile.lock",
				"${PODS_ROOT}/Manifest.lock",
			);
			name = "[CP] Check Pods Manifest.lock";
			outputFileListPaths = (
			);
			outputPaths = (
				"$(DERIVED_FILE_DIR)/Pods-FirebaseProjTests-checkManifestLockResult.txt",
			);
			runOnlyForDeploymentPostprocessing = 0;
			shellPath = /bin/sh;
			shellScript = "diff \"${PODS_PODFILE_DIR_PATH}/Podfile.lock\" \"${PODS_ROOT}/Manifest.lock\" > /dev/null\nif [ $? != 0 ] ; then\n    # print error to STDERR\n    echo \"error: The sandbox is not in sync with the Podfile.lock. Run 'pod install' or update your CocoaPods installation.\" >&2\n    exit 1\nfi\n# This output is used by Xcode 'outputs' to avoid re-running this script phase.\necho \"SUCCESS\" > \"${SCRIPT_OUTPUT_FILE_0}\"\n";
			showEnvVarsInLog = 0;
		};
/* End PBXShellScriptBuildPhase section */

/* Begin PBXSourcesBuildPhase section */
		74076037238C410900F1D529 /* Sources */ = {
			isa = PBXSourcesBuildPhase;
			buildActionMask = 2147483647;
			files = (
				74CDE89E238EFA0800D4C2F9 /* Users.swift in Sources */,
				74076043238C410900F1D529 /* ViewController.swift in Sources */,
				7407603F238C410900F1D529 /* AppDelegate.swift in Sources */,
				740FAB1B238F0BE700D5C671 /* Validate.swift in Sources */,
				740FAB1D238F0C9F00D5C671 /* FirebaseAuthService.swift in Sources */,
				7407606A238C867700F1D529 /* ImageDetailViewController.swift in Sources */,
				74076066238C865000F1D529 /* FeedViewController.swift in Sources */,
				74076068238C866800F1D529 /* ImageUploadViewController.swift in Sources */,
				74CDE8A1238F087000D4C2F9 /* SignUpViewController.swift in Sources */,
				740FAB1F238F1F8100D5C671 /* FireStoreService.swift in Sources */,
				74076063238C862F00F1D529 /* ProfileViewController.swift in Sources */,
				74076041238C410900F1D529 /* SceneDelegate.swift in Sources */,
			);
			runOnlyForDeploymentPostprocessing = 0;
		};
		7407604D238C410F00F1D529 /* Sources */ = {
			isa = PBXSourcesBuildPhase;
			buildActionMask = 2147483647;
			files = (
				74076056238C410F00F1D529 /* FirebaseProjTests.swift in Sources */,
			);
			runOnlyForDeploymentPostprocessing = 0;
		};
/* End PBXSourcesBuildPhase section */

/* Begin PBXTargetDependency section */
		74076053238C410F00F1D529 /* PBXTargetDependency */ = {
			isa = PBXTargetDependency;
			target = 7407603A238C410900F1D529 /* FirebaseProj */;
			targetProxy = 74076052238C410F00F1D529 /* PBXContainerItemProxy */;
		};
/* End PBXTargetDependency section */

/* Begin PBXVariantGroup section */
		74076049238C410E00F1D529 /* LaunchScreen.storyboard */ = {
			isa = PBXVariantGroup;
			children = (
				7407604A238C410E00F1D529 /* Base */,
			);
			name = LaunchScreen.storyboard;
			sourceTree = "<group>";
		};
/* End PBXVariantGroup section */

/* Begin XCBuildConfiguration section */
		74076058238C410F00F1D529 /* Debug */ = {
			isa = XCBuildConfiguration;
			buildSettings = {
				ALWAYS_SEARCH_USER_PATHS = NO;
				CLANG_ANALYZER_NONNULL = YES;
				CLANG_ANALYZER_NUMBER_OBJECT_CONVERSION = YES_AGGRESSIVE;
				CLANG_CXX_LANGUAGE_STANDARD = "gnu++14";
				CLANG_CXX_LIBRARY = "libc++";
				CLANG_ENABLE_MODULES = YES;
				CLANG_ENABLE_OBJC_ARC = YES;
				CLANG_ENABLE_OBJC_WEAK = YES;
				CLANG_WARN_BLOCK_CAPTURE_AUTORELEASING = YES;
				CLANG_WARN_BOOL_CONVERSION = YES;
				CLANG_WARN_COMMA = YES;
				CLANG_WARN_CONSTANT_CONVERSION = YES;
				CLANG_WARN_DEPRECATED_OBJC_IMPLEMENTATIONS = YES;
				CLANG_WARN_DIRECT_OBJC_ISA_USAGE = YES_ERROR;
				CLANG_WARN_DOCUMENTATION_COMMENTS = YES;
				CLANG_WARN_EMPTY_BODY = YES;
				CLANG_WARN_ENUM_CONVERSION = YES;
				CLANG_WARN_INFINITE_RECURSION = YES;
				CLANG_WARN_INT_CONVERSION = YES;
				CLANG_WARN_NON_LITERAL_NULL_CONVERSION = YES;
				CLANG_WARN_OBJC_IMPLICIT_RETAIN_SELF = YES;
				CLANG_WARN_OBJC_LITERAL_CONVERSION = YES;
				CLANG_WARN_OBJC_ROOT_CLASS = YES_ERROR;
				CLANG_WARN_RANGE_LOOP_ANALYSIS = YES;
				CLANG_WARN_STRICT_PROTOTYPES = YES;
				CLANG_WARN_SUSPICIOUS_MOVE = YES;
				CLANG_WARN_UNGUARDED_AVAILABILITY = YES_AGGRESSIVE;
				CLANG_WARN_UNREACHABLE_CODE = YES;
				CLANG_WARN__DUPLICATE_METHOD_MATCH = YES;
				COPY_PHASE_STRIP = NO;
				DEBUG_INFORMATION_FORMAT = dwarf;
				ENABLE_STRICT_OBJC_MSGSEND = YES;
				ENABLE_TESTABILITY = YES;
				GCC_C_LANGUAGE_STANDARD = gnu11;
				GCC_DYNAMIC_NO_PIC = NO;
				GCC_NO_COMMON_BLOCKS = YES;
				GCC_OPTIMIZATION_LEVEL = 0;
				GCC_PREPROCESSOR_DEFINITIONS = (
					"DEBUG=1",
					"$(inherited)",
				);
				GCC_WARN_64_TO_32_BIT_CONVERSION = YES;
				GCC_WARN_ABOUT_RETURN_TYPE = YES_ERROR;
				GCC_WARN_UNDECLARED_SELECTOR = YES;
				GCC_WARN_UNINITIALIZED_AUTOS = YES_AGGRESSIVE;
				GCC_WARN_UNUSED_FUNCTION = YES;
				GCC_WARN_UNUSED_VARIABLE = YES;
				IPHONEOS_DEPLOYMENT_TARGET = 13.2;
				MTL_ENABLE_DEBUG_INFO = INCLUDE_SOURCE;
				MTL_FAST_MATH = YES;
				ONLY_ACTIVE_ARCH = YES;
				SDKROOT = iphoneos;
				SWIFT_ACTIVE_COMPILATION_CONDITIONS = DEBUG;
				SWIFT_OPTIMIZATION_LEVEL = "-Onone";
			};
			name = Debug;
		};
		74076059238C410F00F1D529 /* Release */ = {
			isa = XCBuildConfiguration;
			buildSettings = {
				ALWAYS_SEARCH_USER_PATHS = NO;
				CLANG_ANALYZER_NONNULL = YES;
				CLANG_ANALYZER_NUMBER_OBJECT_CONVERSION = YES_AGGRESSIVE;
				CLANG_CXX_LANGUAGE_STANDARD = "gnu++14";
				CLANG_CXX_LIBRARY = "libc++";
				CLANG_ENABLE_MODULES = YES;
				CLANG_ENABLE_OBJC_ARC = YES;
				CLANG_ENABLE_OBJC_WEAK = YES;
				CLANG_WARN_BLOCK_CAPTURE_AUTORELEASING = YES;
				CLANG_WARN_BOOL_CONVERSION = YES;
				CLANG_WARN_COMMA = YES;
				CLANG_WARN_CONSTANT_CONVERSION = YES;
				CLANG_WARN_DEPRECATED_OBJC_IMPLEMENTATIONS = YES;
				CLANG_WARN_DIRECT_OBJC_ISA_USAGE = YES_ERROR;
				CLANG_WARN_DOCUMENTATION_COMMENTS = YES;
				CLANG_WARN_EMPTY_BODY = YES;
				CLANG_WARN_ENUM_CONVERSION = YES;
				CLANG_WARN_INFINITE_RECURSION = YES;
				CLANG_WARN_INT_CONVERSION = YES;
				CLANG_WARN_NON_LITERAL_NULL_CONVERSION = YES;
				CLANG_WARN_OBJC_IMPLICIT_RETAIN_SELF = YES;
				CLANG_WARN_OBJC_LITERAL_CONVERSION = YES;
				CLANG_WARN_OBJC_ROOT_CLASS = YES_ERROR;
				CLANG_WARN_RANGE_LOOP_ANALYSIS = YES;
				CLANG_WARN_STRICT_PROTOTYPES = YES;
				CLANG_WARN_SUSPICIOUS_MOVE = YES;
				CLANG_WARN_UNGUARDED_AVAILABILITY = YES_AGGRESSIVE;
				CLANG_WARN_UNREACHABLE_CODE = YES;
				CLANG_WARN__DUPLICATE_METHOD_MATCH = YES;
				COPY_PHASE_STRIP = NO;
				DEBUG_INFORMATION_FORMAT = "dwarf-with-dsym";
				ENABLE_NS_ASSERTIONS = NO;
				ENABLE_STRICT_OBJC_MSGSEND = YES;
				GCC_C_LANGUAGE_STANDARD = gnu11;
				GCC_NO_COMMON_BLOCKS = YES;
				GCC_WARN_64_TO_32_BIT_CONVERSION = YES;
				GCC_WARN_ABOUT_RETURN_TYPE = YES_ERROR;
				GCC_WARN_UNDECLARED_SELECTOR = YES;
				GCC_WARN_UNINITIALIZED_AUTOS = YES_AGGRESSIVE;
				GCC_WARN_UNUSED_FUNCTION = YES;
				GCC_WARN_UNUSED_VARIABLE = YES;
				IPHONEOS_DEPLOYMENT_TARGET = 13.2;
				MTL_ENABLE_DEBUG_INFO = NO;
				MTL_FAST_MATH = YES;
				SDKROOT = iphoneos;
				SWIFT_COMPILATION_MODE = wholemodule;
				SWIFT_OPTIMIZATION_LEVEL = "-O";
				VALIDATE_PRODUCT = YES;
			};
			name = Release;
		};
		7407605B238C410F00F1D529 /* Debug */ = {
			isa = XCBuildConfiguration;
			baseConfigurationReference = CD7587794E13B760482DF22C /* Pods-FirebaseProj.debug.xcconfig */;
			buildSettings = {
				ASSETCATALOG_COMPILER_APPICON_NAME = AppIcon;
				CODE_SIGN_STYLE = Automatic;
				DEVELOPMENT_TEAM = 4LPF5FL864;
				INFOPLIST_FILE = FirebaseProj/Info.plist;
				LD_RUNPATH_SEARCH_PATHS = (
					"$(inherited)",
					"@executable_path/Frameworks",
				);
				PRODUCT_BUNDLE_IDENTIFIER = KYang.FirebaseProj;
				PRODUCT_NAME = "$(TARGET_NAME)";
				SWIFT_VERSION = 5.0;
				TARGETED_DEVICE_FAMILY = "1,2";
			};
			name = Debug;
		};
		7407605C238C410F00F1D529 /* Release */ = {
			isa = XCBuildConfiguration;
			baseConfigurationReference = F2FEA4AB6CBD952654F57DBC /* Pods-FirebaseProj.release.xcconfig */;
			buildSettings = {
				ASSETCATALOG_COMPILER_APPICON_NAME = AppIcon;
				CODE_SIGN_STYLE = Automatic;
				DEVELOPMENT_TEAM = 4LPF5FL864;
				INFOPLIST_FILE = FirebaseProj/Info.plist;
				LD_RUNPATH_SEARCH_PATHS = (
					"$(inherited)",
					"@executable_path/Frameworks",
				);
				PRODUCT_BUNDLE_IDENTIFIER = KYang.FirebaseProj;
				PRODUCT_NAME = "$(TARGET_NAME)";
				SWIFT_VERSION = 5.0;
				TARGETED_DEVICE_FAMILY = "1,2";
			};
			name = Release;
		};
		7407605E238C410F00F1D529 /* Debug */ = {
			isa = XCBuildConfiguration;
			baseConfigurationReference = 514D599AB0E9BDCFC0EC4FEC /* Pods-FirebaseProjTests.debug.xcconfig */;
			buildSettings = {
				ALWAYS_EMBED_SWIFT_STANDARD_LIBRARIES = YES;
				BUNDLE_LOADER = "$(TEST_HOST)";
				CODE_SIGN_STYLE = Automatic;
				DEVELOPMENT_TEAM = 4LPF5FL864;
				INFOPLIST_FILE = FirebaseProjTests/Info.plist;
				IPHONEOS_DEPLOYMENT_TARGET = 13.2;
				LD_RUNPATH_SEARCH_PATHS = (
					"$(inherited)",
					"@executable_path/Frameworks",
					"@loader_path/Frameworks",
				);
				PRODUCT_BUNDLE_IDENTIFIER = KYang.FirebaseProjTests;
				PRODUCT_NAME = "$(TARGET_NAME)";
				SWIFT_VERSION = 5.0;
				TARGETED_DEVICE_FAMILY = "1,2";
				TEST_HOST = "$(BUILT_PRODUCTS_DIR)/FirebaseProj.app/FirebaseProj";
			};
			name = Debug;
		};
		7407605F238C410F00F1D529 /* Release */ = {
			isa = XCBuildConfiguration;
			baseConfigurationReference = F96E1DC55CE7218B1E9E9769 /* Pods-FirebaseProjTests.release.xcconfig */;
			buildSettings = {
				ALWAYS_EMBED_SWIFT_STANDARD_LIBRARIES = YES;
				BUNDLE_LOADER = "$(TEST_HOST)";
				CODE_SIGN_STYLE = Automatic;
				DEVELOPMENT_TEAM = 4LPF5FL864;
				INFOPLIST_FILE = FirebaseProjTests/Info.plist;
				IPHONEOS_DEPLOYMENT_TARGET = 13.2;
				LD_RUNPATH_SEARCH_PATHS = (
					"$(inherited)",
					"@executable_path/Frameworks",
					"@loader_path/Frameworks",
				);
				PRODUCT_BUNDLE_IDENTIFIER = KYang.FirebaseProjTests;
				PRODUCT_NAME = "$(TARGET_NAME)";
				SWIFT_VERSION = 5.0;
				TARGETED_DEVICE_FAMILY = "1,2";
				TEST_HOST = "$(BUILT_PRODUCTS_DIR)/FirebaseProj.app/FirebaseProj";
			};
			name = Release;
		};
/* End XCBuildConfiguration section */

/* Begin XCConfigurationList section */
		74076036238C410900F1D529 /* Build configuration list for PBXProject "FirebaseProj" */ = {
			isa = XCConfigurationList;
			buildConfigurations = (
				74076058238C410F00F1D529 /* Debug */,
				74076059238C410F00F1D529 /* Release */,
			);
			defaultConfigurationIsVisible = 0;
			defaultConfigurationName = Release;
		};
		7407605A238C410F00F1D529 /* Build configuration list for PBXNativeTarget "FirebaseProj" */ = {
			isa = XCConfigurationList;
			buildConfigurations = (
				7407605B238C410F00F1D529 /* Debug */,
				7407605C238C410F00F1D529 /* Release */,
			);
			defaultConfigurationIsVisible = 0;
			defaultConfigurationName = Release;
		};
		7407605D238C410F00F1D529 /* Build configuration list for PBXNativeTarget "FirebaseProjTests" */ = {
			isa = XCConfigurationList;
			buildConfigurations = (
				7407605E238C410F00F1D529 /* Debug */,
				7407605F238C410F00F1D529 /* Release */,
			);
			defaultConfigurationIsVisible = 0;
			defaultConfigurationName = Release;
		};
/* End XCConfigurationList section */
	};
	rootObject = 74076033238C410900F1D529 /* Project object */;
}
